
Microsoft Visual Studio Solution File, Format Version 12.00
# Visual Studio 15
Project("{FAE04EC0-301F-11D3-BF4B-00C04F79EFBC}") = "Assembly-CSharp", "Assembly-CSharp.csproj", "{A7ECD26D-BD3A-699A-CC04-F703A7ACF40F}"
EndProject
Project("{FAE04EC0-301F-11D3-BF4B-00C04F79EFBC}") = "Assembly-CSharp-Editor", "Assembly-CSharp-Editor.csproj", "{15A59A03-37F4-47A5-A64E-E38F10193448}"
EndProject
Global
	GlobalSection(SolutionConfigurationPlatforms) = preSolution
		Debug|Any CPU = Debug|Any CPU
		Release|Any CPU = Release|Any CPU
	EndGlobalSection
	GlobalSection(ProjectConfigurationPlatforms) = postSolution
		{A7ECD26D-BD3A-699A-CC04-F703A7ACF40F}.Debug|Any CPU.ActiveCfg = Debug|Any CPU
		{A7ECD26D-BD3A-699A-CC04-F703A7ACF40F}.Debug|Any CPU.Build.0 = Debug|Any CPU
		{A7ECD26D-BD3A-699A-CC04-F703A7ACF40F}.Release|Any CPU.ActiveCfg = Release|Any CPU
		{A7ECD26D-BD3A-699A-CC04-F703A7ACF40F}.Release|Any CPU.Build.0 = Release|Any CPU
		{15A59A03-37F4-47A5-A64E-E38F10193448}.Debug|Any CPU.ActiveCfg = Debug|Any CPU
		{15A59A03-37F4-47A5-A64E-E38F10193448}.Debug|Any CPU.Build.0 = Debug|Any CPU
		{15A59A03-37F4-47A5-A64E-E38F10193448}.Release|Any CPU.ActiveCfg = Release|Any CPU
		{15A59A03-37F4-47A5-A64E-E38F10193448}.Release|Any CPU.Build.0 = Release|Any CPU
	EndGlobalSection
	GlobalSection(SolutionProperties) = preSolution
		HideSolutionNode = FALSE
	EndGlobalSection
EndGlobal
